// !$*UTF8*$!
{
	archiveVersion = 1;
	classes = {
	};
	objectVersion = 50;
	objects = {

/* Begin PBXBuildFile section */
		29870460238EF7E2008F6A0F /* AppDelegate.swift in Sources */ = {isa = PBXBuildFile; fileRef = 2987045F238EF7E2008F6A0F /* AppDelegate.swift */; };
		29870462238EF7E2008F6A0F /* SceneDelegate.swift in Sources */ = {isa = PBXBuildFile; fileRef = 29870461238EF7E2008F6A0F /* SceneDelegate.swift */; };
		29870464238EF7E2008F6A0F /* ContentView.swift in Sources */ = {isa = PBXBuildFile; fileRef = 29870463238EF7E2008F6A0F /* ContentView.swift */; };
		29870466238EF7E4008F6A0F /* Assets.xcassets in Resources */ = {isa = PBXBuildFile; fileRef = 29870465238EF7E4008F6A0F /* Assets.xcassets */; };
		29870469238EF7E4008F6A0F /* Preview Assets.xcassets in Resources */ = {isa = PBXBuildFile; fileRef = 29870468238EF7E4008F6A0F /* Preview Assets.xcassets */; };
		2987046C238EF7E4008F6A0F /* LaunchScreen.storyboard in Resources */ = {isa = PBXBuildFile; fileRef = 2987046A238EF7E4008F6A0F /* LaunchScreen.storyboard */; };
/* End PBXBuildFile section */

/* Begin PBXFileReference section */
		2987045C238EF7E2008F6A0F /* H4X0R News-SwiftUI.app */ = {isa = PBXFileReference; explicitFileType = wrapper.application; includeInIndex = 0; path = "H4X0R News-SwiftUI.app"; sourceTree = BUILT_PRODUCTS_DIR; };
		2987045F238EF7E2008F6A0F /* AppDelegate.swift */ = {isa = PBXFileReference; lastKnownFileType = sourcecode.swift; path = AppDelegate.swift; sourceTree = "<group>"; };
		29870461238EF7E2008F6A0F /* SceneDelegate.swift */ = {isa = PBXFileReference; lastKnownFileType = sourcecode.swift; path = SceneDelegate.swift; sourceTree = "<group>"; };
		29870463238EF7E2008F6A0F /* ContentView.swift */ = {isa = PBXFileReference; lastKnownFileType = sourcecode.swift; path = ContentView.swift; sourceTree = "<group>"; };
		29870465238EF7E4008F6A0F /* Assets.xcassets */ = {isa = PBXFileReference; lastKnownFileType = folder.assetcatalog; path = Assets.xcassets; sourceTree = "<group>"; };
		29870468238EF7E4008F6A0F /* Preview Assets.xcassets */ = {isa = PBXFileReference; lastKnownFileType = folder.assetcatalog; path = "Preview Assets.xcassets"; sourceTree = "<group>"; };
		2987046B238EF7E4008F6A0F /* Base */ = {isa = PBXFileReference; lastKnownFileType = file.storyboard; name = Base; path = Base.lproj/LaunchScreen.storyboard; sourceTree = "<group>"; };
		2987046D238EF7E4008F6A0F /* Info.plist */ = {isa = PBXFileReference; lastKnownFileType = text.plist.xml; path = Info.plist; sourceTree = "<group>"; };
/* End PBXFileReference section */

/* Begin PBXFrameworksBuildPhase section */
		29870459238EF7E2008F6A0F /* Frameworks */ = {
			isa = PBXFrameworksBuildPhase;
			buildActionMask = 2147483647;
			files = (
			);
			runOnlyForDeploymentPostprocessing = 0;
		};
/* End PBXFrameworksBuildPhase section */

/* Begin PBXGroup section */
		29870453238EF7E2008F6A0F = {
			isa = PBXGroup;
			children = (
				2987045E238EF7E2008F6A0F /* H4X0R News-SwiftUI */,
				2987045D238EF7E2008F6A0F /* Products */,
			);
			sourceTree = "<group>";
		};
		2987045D238EF7E2008F6A0F /* Products */ = {
			isa = PBXGroup;
			children = (
				2987045C238EF7E2008F6A0F /* H4X0R News-SwiftUI.app */,
			);
			name = Products;
			sourceTree = "<group>";
		};
		2987045E238EF7E2008F6A0F /* H4X0R News-SwiftUI */ = {
			isa = PBXGroup;
			children = (
				2987045F238EF7E2008F6A0F /* AppDelegate.swift */,
				29870461238EF7E2008F6A0F /* SceneDelegate.swift */,
				29870463238EF7E2008F6A0F /* ContentView.swift */,
				29870465238EF7E4008F6A0F /* Assets.xcassets */,
				2987046A238EF7E4008F6A0F /* LaunchScreen.storyboard */,
				2987046D238EF7E4008F6A0F /* Info.plist */,
				29870467238EF7E4008F6A0F /* Preview Content */,
			);
			path = "H4X0R News-SwiftUI";
			sourceTree = "<group>";
		};
		29870467238EF7E4008F6A0F /* Preview Content */ = {
			isa = PBXGroup;
			children = (
				29870468238EF7E4008F6A0F /* Preview Assets.xcassets */,
			);
			path = "Preview Content";
			sourceTree = "<group>";
		};
/* End PBXGroup section */

/* Begin PBXNativeTarget section */
		2987045B238EF7E2008F6A0F /* H4X0R News-SwiftUI */ = {
			isa = PBXNativeTarget;
			buildConfigurationList = 29870470238EF7E4008F6A0F /* Build configuration list for PBXNativeTarget "H4X0R News-SwiftUI" */;
			buildPhases = (
				29870458238EF7E2008F6A0F /* Sources */,
				29870459238EF7E2008F6A0F /* Frameworks */,
				2987045A238EF7E2008F6A0F /* Resources */,
			);
			buildRules = (
			);
			dependencies = (
			);
			name = "H4X0R News-SwiftUI";
			productName = "H4X0R News-SwiftUI";
			productReference = 2987045C238EF7E2008F6A0F /* H4X0R News-SwiftUI.app */;
			productType = "com.apple.product-type.application";
		};
/* End PBXNativeTarget section */

/* Begin PBXProject section */
		29870454238EF7E2008F6A0F /* Project object */ = {
			isa = PBXProject;
			attributes = {
				LastSwiftUpdateCheck = 1120;
				LastUpgradeCheck = 1120;
				ORGANIZATIONNAME = "Jai Agrawal";
				TargetAttributes = {
					2987045B238EF7E2008F6A0F = {
						CreatedOnToolsVersion = 11.2.1;
					};
				};
			};
			buildConfigurationList = 29870457238EF7E2008F6A0F /* Build configuration list for PBXProject "H4X0R News-SwiftUI" */;
			compatibilityVersion = "Xcode 9.3";
			developmentRegion = en;
			hasScannedForEncodings = 0;
			knownRegions = (
				en,
				Base,
			);
			mainGroup = 29870453238EF7E2008F6A0F;
			productRefGroup = 2987045D238EF7E2008F6A0F /* Products */;
			projectDirPath = "";
			projectRoot = "";
			targets = (
				2987045B238EF7E2008F6A0F /* H4X0R News-SwiftUI */,
			);
		};
/* End PBXProject section */

/* Begin PBXResourcesBuildPhase section */
		2987045A238EF7E2008F6A0F /* Resources */ = {
			isa = PBXResourcesBuildPhase;
			buildActionMask = 2147483647;
			files = (
				2987046C238EF7E4008F6A0F /* LaunchScreen.storyboard in Resources */,
				29870469238EF7E4008F6A0F /* Preview Assets.xcassets in Resources */,
				29870466238EF7E4008F6A0F /* Assets.xcassets in Resources */,
			);
			runOnlyForDeploymentPostprocessing = 0;
		};
/* End PBXResourcesBuildPhase section */

/* Begin PBXSourcesBuildPhase section */
		29870458238EF7E2008F6A0F /* Sources */ = {
			isa = PBXSourcesBuildPhase;
			buildActionMask = 2147483647;
			files = (
				29870460238EF7E2008F6A0F /* AppDelegate.swift in Sources */,
				29870462238EF7E2008F6A0F /* SceneDelegate.swift in Sources */,
				29870464238EF7E2008F6A0F /* ContentView.swift in Sources */,
			);
			runOnlyForDeploymentPostprocessing = 0;
		};
/* End PBXSourcesBuildPhase section */

/* Begin PBXVariantGroup section */
		2987046A238EF7E4008F6A0F /* LaunchScreen.storyboard */ = {
			isa = PBXVariantGroup;
			children = (
				2987046B238EF7E4008F6A0F /* Base */,
			);
			name = LaunchScreen.storyboard;
			sourceTree = "<group>";
		};
/* End PBXVariantGroup section */

/* Begin XCBuildConfiguration section */
		2987046E238EF7E4008F6A0F /* Debug */ = {
			isa = XCBuildConfiguration;
			buildSettings = {
				ALWAYS_SEARCH_USER_PATHS = NO;
				CLANG_ANALYZER_NONNULL = YES;
				CLANG_ANALYZER_NUMBER_OBJECT_CONVERSION = YES_AGGRESSIVE;
				CLANG_CXX_LANGUAGE_STANDARD = "gnu++14";
				CLANG_CXX_LIBRARY = "libc++";
				CLANG_ENABLE_MODULES = YES;
				CLANG_ENABLE_OBJC_ARC = YES;
				CLANG_ENABLE_OBJC_WEAK = YES;
				CLANG_WARN_BLOCK_CAPTURE_AUTORELEASING = YES;
				CLANG_WARN_BOOL_CONVERSION = YES;
				CLANG_WARN_COMMA = YES;
				CLANG_WARN_CONSTANT_CONVERSION = YES;
				CLANG_WARN_DEPRECATED_OBJC_IMPLEMENTATIONS = YES;
				CLANG_WARN_DIRECT_OBJC_ISA_USAGE = YES_ERROR;
				CLANG_WARN_DOCUMENTATION_COMMENTS = YES;
				CLANG_WARN_EMPTY_BODY = YES;
				CLANG_WARN_ENUM_CONVERSION = YES;
				CLANG_WARN_INFINITE_RECURSION = YES;
				CLANG_WARN_INT_CONVERSION = YES;
				CLANG_WARN_NON_LITERAL_NULL_CONVERSION = YES;
				CLANG_WARN_OBJC_IMPLICIT_RETAIN_SELF = YES;
				CLANG_WARN_OBJC_LITERAL_CONVERSION = YES;
				CLANG_WARN_OBJC_ROOT_CLASS = YES_ERROR;
				CLANG_WARN_RANGE_LOOP_ANALYSIS = YES;
				CLANG_WARN_STRICT_PROTOTYPES = YES;
				CLANG_WARN_SUSPICIOUS_MOVE = YES;
				CLANG_WARN_UNGUARDED_AVAILABILITY = YES_AGGRESSIVE;
				CLANG_WARN_UNREACHABLE_CODE = YES;
				CLANG_WARN__DUPLICATE_METHOD_MATCH = YES;
				COPY_PHASE_STRIP = NO;
				DEBUG_INFORMATION_FORMAT = dwarf;
				ENABLE_STRICT_OBJC_MSGSEND = YES;
				ENABLE_TESTABILITY = YES;
				GCC_C_LANGUAGE_STANDARD = gnu11;
				GCC_DYNAMIC_NO_PIC = NO;
				GCC_NO_COMMON_BLOCKS = YES;
				GCC_OPTIMIZATION_LEVEL = 0;
				GCC_PREPROCESSOR_DEFINITIONS = (
					"DEBUG=1",
					"$(inherited)",
				);
				GCC_WARN_64_TO_32_BIT_CONVERSION = YES;
				GCC_WARN_ABOUT_RETURN_TYPE = YES_ERROR;
				GCC_WARN_UNDECLARED_SELECTOR = YES;
				GCC_WARN_UNINITIALIZED_AUTOS = YES_AGGRESSIVE;
				GCC_WARN_UNUSED_FUNCTION = YES;
				GCC_WARN_UNUSED_VARIABLE = YES;
				IPHONEOS_DEPLOYMENT_TARGET = 13.2;
				MTL_ENABLE_DEBUG_INFO = INCLUDE_SOURCE;
				MTL_FAST_MATH = YES;
				ONLY_ACTIVE_ARCH = YES;
				SDKROOT = iphoneos;
				SWIFT_ACTIVE_COMPILATION_CONDITIONS = DEBUG;
				SWIFT_OPTIMIZATION_LEVEL = "-Onone";
			};
			name = Debug;
		};
		2987046F238EF7E4008F6A0F /* Release */ = {
			isa = XCBuildConfiguration;
			buildSettings = {
				ALWAYS_SEARCH_USER_PATHS = NO;
				CLANG_ANALYZER_NONNULL = YES;
				CLANG_ANALYZER_NUMBER_OBJECT_CONVERSION = YES_AGGRESSIVE;
				CLANG_CXX_LANGUAGE_STANDARD = "gnu++14";
				CLANG_CXX_LIBRARY = "libc++";
				CLANG_ENABLE_MODULES = YES;
				CLANG_ENABLE_OBJC_ARC = YES;
				CLANG_ENABLE_OBJC_WEAK = YES;
				CLANG_WARN_BLOCK_CAPTURE_AUTORELEASING = YES;
				CLANG_WARN_BOOL_CONVERSION = YES;
				CLANG_WARN_COMMA = YES;
				CLANG_WARN_CONSTANT_CONVERSION = YES;
				CLANG_WARN_DEPRECATED_OBJC_IMPLEMENTATIONS = YES;
				CLANG_WARN_DIRECT_OBJC_ISA_USAGE = YES_ERROR;
				CLANG_WARN_DOCUMENTATION_COMMENTS = YES;
				CLANG_WARN_EMPTY_BODY = YES;
				CLANG_WARN_ENUM_CONVERSION = YES;
				CLANG_WARN_INFINITE_RECURSION = YES;
				CLANG_WARN_INT_CONVERSION = YES;
				CLANG_WARN_NON_LITERAL_NULL_CONVERSION = YES;
				CLANG_WARN_OBJC_IMPLICIT_RETAIN_SELF = YES;
				CLANG_WARN_OBJC_LITERAL_CONVERSION = YES;
				CLANG_WARN_OBJC_ROOT_CLASS = YES_ERROR;
				CLANG_WARN_RANGE_LOOP_ANALYSIS = YES;
				CLANG_WARN_STRICT_PROTOTYPES = YES;
				CLANG_WARN_SUSPICIOUS_MOVE = YES;
				CLANG_WARN_UNGUARDED_AVAILABILITY = YES_AGGRESSIVE;
				CLANG_WARN_UNREACHABLE_CODE = YES;
				CLANG_WARN__DUPLICATE_METHOD_MATCH = YES;
				COPY_PHASE_STRIP = NO;
				DEBUG_INFORMATION_FORMAT = "dwarf-with-dsym";
				ENABLE_NS_ASSERTIONS = NO;
				ENABLE_STRICT_OBJC_MSGSEND = YES;
				GCC_C_LANGUAGE_STANDARD = gnu11;
				GCC_NO_COMMON_BLOCKS = YES;
				GCC_WARN_64_TO_32_BIT_CONVERSION = YES;
				GCC_WARN_ABOUT_RETURN_TYPE = YES_ERROR;
				GCC_WARN_UNDECLARED_SELECTOR = YES;
				GCC_WARN_UNINITIALIZED_AUTOS = YES_AGGRESSIVE;
				GCC_WARN_UNUSED_FUNCTION = YES;
				GCC_WARN_UNUSED_VARIABLE = YES;
				IPHONEOS_DEPLOYMENT_TARGET = 13.2;
				MTL_ENABLE_DEBUG_INFO = NO;
				MTL_FAST_MATH = YES;
				SDKROOT = iphoneos;
				SWIFT_COMPILATION_MODE = wholemodule;
				SWIFT_OPTIMIZATION_LEVEL = "-O";
				VALIDATE_PRODUCT = YES;
			};
			name = Release;
		};
		29870471238EF7E4008F6A0F /* Debug */ = {
			isa = XCBuildConfiguration;
			buildSettings = {
				ASSETCATALOG_COMPILER_APPICON_NAME = AppIcon;
				CODE_SIGN_STYLE = Automatic;
				DEVELOPMENT_ASSET_PATHS = "\"H4X0R News-SwiftUI/Preview Content\"";
				DEVELOPMENT_TEAM = 3XW57BSKZ3;
				ENABLE_PREVIEWS = YES;
				INFOPLIST_FILE = "H4X0R News-SwiftUI/Info.plist";
				LD_RUNPATH_SEARCH_PATHS = (
					"$(inherited)",
					"@executable_path/Frameworks",
				);
				PRODUCT_BUNDLE_IDENTIFIER = "com.heyitsjai.H4X0R-News-SwiftUI";
				PRODUCT_NAME = "$(TARGET_NAME)";
				SWIFT_VERSION = 5.0;
				TARGETED_DEVICE_FAMILY = "1,2";
			};
			name = Debug;
		};
		29870472238EF7E4008F6A0F /* Release */ = {
			isa = XCBuildConfiguration;
			buildSettings = {
				ASSETCATALOG_COMPILER_APPICON_NAME = AppIcon;
				CODE_SIGN_STYLE = Automatic;
				DEVELOPMENT_ASSET_PATHS = "\"H4X0R News-SwiftUI/Preview Content\"";
				DEVELOPMENT_TEAM = 3XW57BSKZ3;
				ENABLE_PREVIEWS = YES;
				INFOPLIST_FILE = "H4X0R News-SwiftUI/Info.plist";
				LD_RUNPATH_SEARCH_PATHS = (
					"$(inherited)",
					"@executable_path/Frameworks",
				);
				PRODUCT_BUNDLE_IDENTIFIER = "com.heyitsjai.H4X0R-News-SwiftUI";
				PRODUCT_NAME = "$(TARGET_NAME)";
				SWIFT_VERSION = 5.0;
				TARGETED_DEVICE_FAMILY = "1,2";
			};
			name = Release;
		};
/* End XCBuildConfiguration section */

/* Begin XCConfigurationList section */
		29870457238EF7E2008F6A0F /* Build configuration list for PBXProject "H4X0R News-SwiftUI" */ = {
			isa = XCConfigurationList;
			buildConfigurations = (
				2987046E238EF7E4008F6A0F /* Debug */,
				2987046F238EF7E4008F6A0F /* Release */,
			);
			defaultConfigurationIsVisible = 0;
			defaultConfigurationName = Release;
		};
		29870470238EF7E4008F6A0F /* Build configuration list for PBXNativeTarget "H4X0R News-SwiftUI" */ = {
			isa = XCConfigurationList;
			buildConfigurations = (
				29870471238EF7E4008F6A0F /* Debug */,
				29870472238EF7E4008F6A0F /* Release */,
			);
			defaultConfigurationIsVisible = 0;
			defaultConfigurationName = Release;
		};
/* End XCConfigurationList section */
	};
	rootObject = 29870454238EF7E2008F6A0F /* Project object */;
}
